
Microsoft Visual Studio Solution File, Format Version 12.00
# Visual Studio 14
VisualStudioVersion = 14.0.25420.1
MinimumVisualStudioVersion = 10.0.40219.1
Project("{FAE04EC0-301F-11D3-BF4B-00C04F79EFBC}") = "Assembly-CSharp.Mod.mm", "Assembly-CSharp.Mod.mm\Assembly-CSharp.Mod.mm.csproj", "{E438D8F7-4149-47B5-ACF6-7EDC15D00AE7}"
EndProject
Project("{FAE04EC0-301F-11D3-BF4B-00C04F79EFBC}") = "YLFreeCamera", "YLFreeCamera\YLFreeCamera.csproj", "{7881C2DE-1E83-40D2-9EAD-FB9D1FFF0AD1}"
EndProject
Project("{FAE04EC0-301F-11D3-BF4B-00C04F79EFBC}") = "Assembly-CSharp.YLFreeCamera.mm", "Assembly-CSharp.YLFreeCamera.mm\Assembly-CSharp.YLFreeCamera.mm.csproj", "{7D451E58-1086-4740-8FB0-C4B36DCAA227}"
EndProject
Global
	GlobalSection(SolutionConfigurationPlatforms) = preSolution
		Debug|Any CPU = Debug|Any CPU
		Release|Any CPU = Release|Any CPU
	EndGlobalSection
	GlobalSection(ProjectConfigurationPlatforms) = postSolution
		{E438D8F7-4149-47B5-ACF6-7EDC15D00AE7}.Debug|Any CPU.ActiveCfg = Debug|Any CPU
		{E438D8F7-4149-47B5-ACF6-7EDC15D00AE7}.Debug|Any CPU.Build.0 = Debug|Any CPU
		{E438D8F7-4149-47B5-ACF6-7EDC15D00AE7}.Release|Any CPU.ActiveCfg = Release|Any CPU
		{E438D8F7-4149-47B5-ACF6-7EDC15D00AE7}.Release|Any CPU.Build.0 = Release|Any CPU
		{7881C2DE-1E83-40D2-9EAD-FB9D1FFF0AD1}.Debug|Any CPU.ActiveCfg = Debug|Any CPU
		{7881C2DE-1E83-40D2-9EAD-FB9D1FFF0AD1}.Debug|Any CPU.Build.0 = Debug|Any CPU
		{7881C2DE-1E83-40D2-9EAD-FB9D1FFF0AD1}.Release|Any CPU.ActiveCfg = Release|Any CPU
		{7881C2DE-1E83-40D2-9EAD-FB9D1FFF0AD1}.Release|Any CPU.Build.0 = Release|Any CPU
		{7D451E58-1086-4740-8FB0-C4B36DCAA227}.Debug|Any CPU.ActiveCfg = Debug|Any CPU
		{7D451E58-1086-4740-8FB0-C4B36DCAA227}.Debug|Any CPU.Build.0 = Debug|Any CPU
		{7D451E58-1086-4740-8FB0-C4B36DCAA227}.Release|Any CPU.ActiveCfg = Release|Any CPU
		{7D451E58-1086-4740-8FB0-C4B36DCAA227}.Release|Any CPU.Build.0 = Release|Any CPU
	EndGlobalSection
	GlobalSection(SolutionProperties) = preSolution
		HideSolutionNode = FALSE
	EndGlobalSection
EndGlobal
